
Microsoft Visual Studio Solution File, Format Version 12.00
# Visual Studio Version 16
VisualStudioVersion = 16.0.32929.386
MinimumVisualStudioVersion = 10.0.40219.1
Project("{C9674DCB-5085-4A16-B785-4C70DD1589BD}") = "ETL_Final", "ETL_Final\ETL_Final.dtproj", "{F4B9AAFF-0D9A-4B8E-B403-499FEA43D1A0}"
EndProject
Global
	GlobalSection(SolutionConfigurationPlatforms) = preSolution
		Development|Default = Development|Default
	EndGlobalSection
	GlobalSection(ProjectConfigurationPlatforms) = postSolution
		{F4B9AAFF-0D9A-4B8E-B403-499FEA43D1A0}.Development|Default.ActiveCfg = Development
		{F4B9AAFF-0D9A-4B8E-B403-499FEA43D1A0}.Development|Default.Build.0 = Development
	EndGlobalSection
	GlobalSection(SolutionProperties) = preSolution
		HideSolutionNode = FALSE
	EndGlobalSection
	GlobalSection(ExtensibilityGlobals) = postSolution
		SolutionGuid = {5D1BDACF-2338-4730-887B-8E628EF70BDF}
	EndGlobalSection
EndGlobal
